
Microsoft Visual Studio Solution File, Format Version 12.00
# Visual Studio 15
VisualStudioVersion = 15.0.28307.136
MinimumVisualStudioVersion = 10.0.40219.1
Project("{FAE04EC0-301F-11D3-BF4B-00C04F79EFBC}") = "GameDB", "GameDB\GameDB.csproj", "{4035E8F8-B2AE-458D-BA69-14B42D1532A2}"
EndProject
Global
	GlobalSection(SolutionConfigurationPlatforms) = preSolution
		Debug|Any CPU = Debug|Any CPU
		Release|Any CPU = Release|Any CPU
	EndGlobalSection
	GlobalSection(ProjectConfigurationPlatforms) = postSolution
		{4035E8F8-B2AE-458D-BA69-14B42D1532A2}.Debug|Any CPU.ActiveCfg = Debug|Any CPU
		{4035E8F8-B2AE-458D-BA69-14B42D1532A2}.Debug|Any CPU.Build.0 = Debug|Any CPU
		{4035E8F8-B2AE-458D-BA69-14B42D1532A2}.Release|Any CPU.ActiveCfg = Release|Any CPU
		{4035E8F8-B2AE-458D-BA69-14B42D1532A2}.Release|Any CPU.Build.0 = Release|Any CPU
	EndGlobalSection
	GlobalSection(SolutionProperties) = preSolution
		HideSolutionNode = FALSE
	EndGlobalSection
	GlobalSection(ExtensibilityGlobals) = postSolution
		SolutionGuid = {F815989E-A992-4F1B-B45D-C11F04B0596D}
	EndGlobalSection
EndGlobal
